{
  "lockfile_version": "1",
  "packages": {
    "bundler@latest": {
      "last_modified": "2023-07-25T23:32:12Z",
      "resolved": "github:NixOS/nixpkgs/a9b47d85504bdd199e90846622c76aa0bfeabfac#bundler",
      "source": "devbox-search",
      "version": "2.4.17"
    },
    "nodejs-19_x@latest": {
      "last_modified": "2023-03-31T22:52:29Z",
      "resolved": "github:NixOS/nixpkgs/242246ee1e58f54d2322227fc5eef53b4a616a31#nodejs-19_x",
      "source": "devbox-search",
      "version": "19.8.1"
    },
    "ruby_3_1@latest": {
      "last_modified": "2023-03-31T22:52:29Z",
      "plugin_version": "0.0.2",
      "resolved": "github:NixOS/nixpkgs/242246ee1e58f54d2322227fc5eef53b4a616a31#ruby_3_1",
      "source": "devbox-search",
      "version": "3.1.4"
    },
    "sqlite@latest": {
      "last_modified": "2023-07-25T23:32:12Z",
      "resolved": "github:NixOS/nixpkgs/a9b47d85504bdd199e90846622c76aa0bfeabfac#sqlite",
      "source": "devbox-search",
      "version": "3.42.0"
    },
    "yarn@latest": {
      "last_modified": "2023-05-07T06:59:10Z",
      "resolved": "github:NixOS/nixpkgs/eb751d65225ec53de9cf3d88acbf08d275882389#yarn",
      "source": "devbox-search",
      "version": "1.22.19"
    }
  }
}
